
Microsoft Visual Studio Solution File, Format Version 12.00
# Visual Studio Version 17
VisualStudioVersion = 17.9.34616.47
MinimumVisualStudioVersion = 10.0.40219.1
Project("{FAE04EC0-301F-11D3-BF4B-00C04F79EFBC}") = "Prizivniki", "Prizivniki.csproj", "{5D032B95-FFF2-4B43-A4A5-C1259B145D86}"
EndProject
Project("{FAE04EC0-301F-11D3-BF4B-00C04F79EFBC}") = "UnitTestProject1", "..\UnitTestProject1\UnitTestProject1.csproj", "{601F45F6-8A78-4905-AD4B-7AEFB2F2AA1C}"
EndProject
Global
	GlobalSection(SolutionConfigurationPlatforms) = preSolution
		Debug|Any CPU = Debug|Any CPU
		Release|Any CPU = Release|Any CPU
	EndGlobalSection
	GlobalSection(ProjectConfigurationPlatforms) = postSolution
		{5D032B95-FFF2-4B43-A4A5-C1259B145D86}.Debug|Any CPU.ActiveCfg = Debug|Any CPU
		{5D032B95-FFF2-4B43-A4A5-C1259B145D86}.Debug|Any CPU.Build.0 = Debug|Any CPU
		{5D032B95-FFF2-4B43-A4A5-C1259B145D86}.Release|Any CPU.ActiveCfg = Release|Any CPU
		{5D032B95-FFF2-4B43-A4A5-C1259B145D86}.Release|Any CPU.Build.0 = Release|Any CPU
		{601F45F6-8A78-4905-AD4B-7AEFB2F2AA1C}.Debug|Any CPU.ActiveCfg = Debug|Any CPU
		{601F45F6-8A78-4905-AD4B-7AEFB2F2AA1C}.Debug|Any CPU.Build.0 = Debug|Any CPU
		{601F45F6-8A78-4905-AD4B-7AEFB2F2AA1C}.Release|Any CPU.ActiveCfg = Release|Any CPU
		{601F45F6-8A78-4905-AD4B-7AEFB2F2AA1C}.Release|Any CPU.Build.0 = Release|Any CPU
	EndGlobalSection
	GlobalSection(SolutionProperties) = preSolution
		HideSolutionNode = FALSE
	EndGlobalSection
	GlobalSection(ExtensibilityGlobals) = postSolution
		SolutionGuid = {4868311A-163A-46E5-A8D1-7F463ECE4E82}
	EndGlobalSection
EndGlobal
